
Microsoft Visual Studio Solution File, Format Version 12.00
# Visual Studio Version 16
VisualStudioVersion = 16.0.31129.286
MinimumVisualStudioVersion = 10.0.40219.1
Project("{FAE04EC0-301F-11D3-BF4B-00C04F79EFBC}") = "CodeTur.Domain", "CodeTur.Domain\CodeTur.Domain.csproj", "{E7484EB8-2DF5-40D0-AA1D-F55ADFA96488}"
EndProject
Project("{FAE04EC0-301F-11D3-BF4B-00C04F79EFBC}") = "CodeTur.Shared", "CodeTur.Shared\CodeTur.Shared.csproj", "{57F0A537-4F95-4724-A293-47C3A3872CCF}"
EndProject
Project("{FAE04EC0-301F-11D3-BF4B-00C04F79EFBC}") = "CodeTur.Tests", "CodeTur.Tests\CodeTur.Tests.csproj", "{FE6B0335-E810-46D3-8650-643427C726F2}"
EndProject
Global
	GlobalSection(SolutionConfigurationPlatforms) = preSolution
		Debug|Any CPU = Debug|Any CPU
		Release|Any CPU = Release|Any CPU
	EndGlobalSection
	GlobalSection(ProjectConfigurationPlatforms) = postSolution
		{E7484EB8-2DF5-40D0-AA1D-F55ADFA96488}.Debug|Any CPU.ActiveCfg = Debug|Any CPU
		{E7484EB8-2DF5-40D0-AA1D-F55ADFA96488}.Debug|Any CPU.Build.0 = Debug|Any CPU
		{E7484EB8-2DF5-40D0-AA1D-F55ADFA96488}.Release|Any CPU.ActiveCfg = Release|Any CPU
		{E7484EB8-2DF5-40D0-AA1D-F55ADFA96488}.Release|Any CPU.Build.0 = Release|Any CPU
		{57F0A537-4F95-4724-A293-47C3A3872CCF}.Debug|Any CPU.ActiveCfg = Debug|Any CPU
		{57F0A537-4F95-4724-A293-47C3A3872CCF}.Debug|Any CPU.Build.0 = Debug|Any CPU
		{57F0A537-4F95-4724-A293-47C3A3872CCF}.Release|Any CPU.ActiveCfg = Release|Any CPU
		{57F0A537-4F95-4724-A293-47C3A3872CCF}.Release|Any CPU.Build.0 = Release|Any CPU
		{FE6B0335-E810-46D3-8650-643427C726F2}.Debug|Any CPU.ActiveCfg = Debug|Any CPU
		{FE6B0335-E810-46D3-8650-643427C726F2}.Debug|Any CPU.Build.0 = Debug|Any CPU
		{FE6B0335-E810-46D3-8650-643427C726F2}.Release|Any CPU.ActiveCfg = Release|Any CPU
		{FE6B0335-E810-46D3-8650-643427C726F2}.Release|Any CPU.Build.0 = Release|Any CPU
	EndGlobalSection
	GlobalSection(SolutionProperties) = preSolution
		HideSolutionNode = FALSE
	EndGlobalSection
	GlobalSection(ExtensibilityGlobals) = postSolution
		SolutionGuid = {DB681EAF-7DB1-41C1-889F-84A4C7CC581E}
	EndGlobalSection
EndGlobal
